
Microsoft Visual Studio Solution File, Format Version 12.00
# Visual Studio Version 16
VisualStudioVersion = 16.0.32002.261
MinimumVisualStudioVersion = 10.0.40219.1
Project("{9A19103F-16F7-4668-BE54-9A1E7A4F7556}") = "Proj", "Proj.csproj", "{00339775-6FC0-4E5E-9BB0-266C94103E8C}"
EndProject
Global
	GlobalSection(SolutionConfigurationPlatforms) = preSolution
		Debug|Any CPU = Debug|Any CPU
		Release|Any CPU = Release|Any CPU
	EndGlobalSection
	GlobalSection(ProjectConfigurationPlatforms) = postSolution
		{00339775-6FC0-4E5E-9BB0-266C94103E8C}.Debug|Any CPU.ActiveCfg = Debug|Any CPU
		{00339775-6FC0-4E5E-9BB0-266C94103E8C}.Debug|Any CPU.Build.0 = Debug|Any CPU
		{00339775-6FC0-4E5E-9BB0-266C94103E8C}.Release|Any CPU.ActiveCfg = Release|Any CPU
		{00339775-6FC0-4E5E-9BB0-266C94103E8C}.Release|Any CPU.Build.0 = Release|Any CPU
	EndGlobalSection
	GlobalSection(SolutionProperties) = preSolution
		HideSolutionNode = FALSE
	EndGlobalSection
	GlobalSection(ExtensibilityGlobals) = postSolution
		SolutionGuid = {6302F37B-789B-42A0-A082-BE0588F2FF2D}
	EndGlobalSection
EndGlobal
